<Solution>
  <Folder Name="/dev/">
    <Project Path="dev/AppHost/AppHost.csproj" />
    <Project Path="dev/DataProducer/DataProducer.csproj" />
  </Folder>
  <Folder Name="/src/">
    <Project Path="src/AlbusKavaliro.WinTokenBridge/AlbusKavaliro.WinTokenBridge.csproj" />
    <Project Path="src/ServiceDefaults/ServiceDefaults.csproj" />
  </Folder>
</Solution>
